
Microsoft Visual Studio Solution File, Format Version 12.00
# Visual Studio Version 16
VisualStudioVersion = 16.6.30114.105
MinimumVisualStudioVersion = 10.0.40219.1
Project("{2150E333-8FDC-42A3-9474-1A3956D46DE8}") = "Solution Items", "Solution Items", "{9F5532D2-042A-419F-A379-DF7CA3E5A3FB}"
	ProjectSection(SolutionItems) = preProject
		.editorconfig = .editorconfig
		global.json = global.json
	EndProjectSection
EndProject
Project("{9A19103F-16F7-4668-BE54-9A1E7A4F7556}") = "Accretion.JitDumpVisualizer.CLI", "Source\Accretion.JitDumpVisualizer.CLI\Accretion.JitDumpVisualizer.CLI.csproj", "{2AF988AD-DB08-4279-B031-47A6B063A687}"
EndProject
Project("{9A19103F-16F7-4668-BE54-9A1E7A4F7556}") = "Accretion.JitDumpVisualizer.Tests", "Source\Accretion.JitDumpVisualizer.Tests\Accretion.JitDumpVisualizer.Tests.csproj", "{7637887B-83EC-4139-86E8-C381B10FCA32}"
EndProject
Project("{9A19103F-16F7-4668-BE54-9A1E7A4F7556}") = "Accretion.JitDumpVisualizer.Parsing", "Source\Accretion.JitDumpVisualizer.Parsing\Accretion.JitDumpVisualizer.Parsing.csproj", "{6D0EB613-9A64-4BCE-A4A5-CA75650E51A0}"
EndProject
Project("{9A19103F-16F7-4668-BE54-9A1E7A4F7556}") = "Accretion.JitDumpVisualizer.LexerGenerator", "Source\Accretion.JitDumpVisualizer.LexerGenerator\Accretion.JitDumpVisualizer.LexerGenerator.csproj", "{3D55969B-C041-45CD-8D78-31148B9C79E9}"
EndProject
Global
	GlobalSection(SolutionConfigurationPlatforms) = preSolution
		Debug|Any CPU = Debug|Any CPU
		Release|Any CPU = Release|Any CPU
	EndGlobalSection
	GlobalSection(ProjectConfigurationPlatforms) = postSolution
		{2AF988AD-DB08-4279-B031-47A6B063A687}.Debug|Any CPU.ActiveCfg = Debug|Any CPU
		{2AF988AD-DB08-4279-B031-47A6B063A687}.Debug|Any CPU.Build.0 = Debug|Any CPU
		{2AF988AD-DB08-4279-B031-47A6B063A687}.Release|Any CPU.ActiveCfg = Release|Any CPU
		{2AF988AD-DB08-4279-B031-47A6B063A687}.Release|Any CPU.Build.0 = Release|Any CPU
		{7637887B-83EC-4139-86E8-C381B10FCA32}.Debug|Any CPU.ActiveCfg = Debug|Any CPU
		{7637887B-83EC-4139-86E8-C381B10FCA32}.Debug|Any CPU.Build.0 = Debug|Any CPU
		{7637887B-83EC-4139-86E8-C381B10FCA32}.Release|Any CPU.ActiveCfg = Release|Any CPU
		{7637887B-83EC-4139-86E8-C381B10FCA32}.Release|Any CPU.Build.0 = Release|Any CPU
		{6D0EB613-9A64-4BCE-A4A5-CA75650E51A0}.Debug|Any CPU.ActiveCfg = Debug|Any CPU
		{6D0EB613-9A64-4BCE-A4A5-CA75650E51A0}.Debug|Any CPU.Build.0 = Debug|Any CPU
		{6D0EB613-9A64-4BCE-A4A5-CA75650E51A0}.Release|Any CPU.ActiveCfg = Release|Any CPU
		{6D0EB613-9A64-4BCE-A4A5-CA75650E51A0}.Release|Any CPU.Build.0 = Release|Any CPU
		{3D55969B-C041-45CD-8D78-31148B9C79E9}.Debug|Any CPU.ActiveCfg = Debug|Any CPU
		{3D55969B-C041-45CD-8D78-31148B9C79E9}.Debug|Any CPU.Build.0 = Debug|Any CPU
		{3D55969B-C041-45CD-8D78-31148B9C79E9}.Release|Any CPU.ActiveCfg = Release|Any CPU
		{3D55969B-C041-45CD-8D78-31148B9C79E9}.Release|Any CPU.Build.0 = Release|Any CPU
	EndGlobalSection
	GlobalSection(SolutionProperties) = preSolution
		HideSolutionNode = FALSE
	EndGlobalSection
	GlobalSection(ExtensibilityGlobals) = postSolution
		SolutionGuid = {B040F8B6-0F17-40AF-9D3D-461D5951470A}
	EndGlobalSection
EndGlobal
